
Microsoft Visual Studio Solution File, Format Version 12.00
# Visual Studio Version 17
VisualStudioVersion = 17.6.33829.357
MinimumVisualStudioVersion = 10.0.40219.1
Project("{9A19103F-16F7-4668-BE54-9A1E7A4F7556}") = "EmployeeDAA.Api", "EmployeeDAA.Api\EmployeeDAA.Api.csproj", "{9416AB55-216C-4E57-8CB4-04F70FBD462D}"
EndProject
Project("{9A19103F-16F7-4668-BE54-9A1E7A4F7556}") = "EmployeeDAA.Data", "EmployeeDAA.Data\EmployeeDAA.Data.csproj", "{7ACEF71E-A6CC-471D-958D-34869C83AF47}"
EndProject
Project("{9A19103F-16F7-4668-BE54-9A1E7A4F7556}") = "EmployeeDAA.Core", "EmployeeDAA.Core\EmployeeDAA.Core.csproj", "{21B209D8-EE47-4D6F-9513-262FB8204DCA}"
EndProject
Project("{9A19103F-16F7-4668-BE54-9A1E7A4F7556}") = "EmployeeDAA.Services", "EmployeeDAA.Services\EmployeeDAA.Services.csproj", "{0605B1A1-0AF1-4CFA-8485-9336E448D8BD}"
EndProject
Project("{FAE04EC0-301F-11D3-BF4B-00C04F79EFBC}") = "EmployeeDAA.Web", "EmployeeDAA.Web\EmployeeDAA.Web.csproj", "{978C1AA7-4B4F-4ACE-BE21-CE6212C01202}"
EndProject
Global
	GlobalSection(SolutionConfigurationPlatforms) = preSolution
		Debug|Any CPU = Debug|Any CPU
		Release|Any CPU = Release|Any CPU
	EndGlobalSection
	GlobalSection(ProjectConfigurationPlatforms) = postSolution
		{9416AB55-216C-4E57-8CB4-04F70FBD462D}.Debug|Any CPU.ActiveCfg = Debug|Any CPU
		{9416AB55-216C-4E57-8CB4-04F70FBD462D}.Debug|Any CPU.Build.0 = Debug|Any CPU
		{9416AB55-216C-4E57-8CB4-04F70FBD462D}.Release|Any CPU.ActiveCfg = Release|Any CPU
		{9416AB55-216C-4E57-8CB4-04F70FBD462D}.Release|Any CPU.Build.0 = Release|Any CPU
		{7ACEF71E-A6CC-471D-958D-34869C83AF47}.Debug|Any CPU.ActiveCfg = Debug|Any CPU
		{7ACEF71E-A6CC-471D-958D-34869C83AF47}.Debug|Any CPU.Build.0 = Debug|Any CPU
		{7ACEF71E-A6CC-471D-958D-34869C83AF47}.Release|Any CPU.ActiveCfg = Release|Any CPU
		{7ACEF71E-A6CC-471D-958D-34869C83AF47}.Release|Any CPU.Build.0 = Release|Any CPU
		{21B209D8-EE47-4D6F-9513-262FB8204DCA}.Debug|Any CPU.ActiveCfg = Debug|Any CPU
		{21B209D8-EE47-4D6F-9513-262FB8204DCA}.Debug|Any CPU.Build.0 = Debug|Any CPU
		{21B209D8-EE47-4D6F-9513-262FB8204DCA}.Release|Any CPU.ActiveCfg = Release|Any CPU
		{21B209D8-EE47-4D6F-9513-262FB8204DCA}.Release|Any CPU.Build.0 = Release|Any CPU
		{0605B1A1-0AF1-4CFA-8485-9336E448D8BD}.Debug|Any CPU.ActiveCfg = Debug|Any CPU
		{0605B1A1-0AF1-4CFA-8485-9336E448D8BD}.Debug|Any CPU.Build.0 = Debug|Any CPU
		{0605B1A1-0AF1-4CFA-8485-9336E448D8BD}.Release|Any CPU.ActiveCfg = Release|Any CPU
		{0605B1A1-0AF1-4CFA-8485-9336E448D8BD}.Release|Any CPU.Build.0 = Release|Any CPU
		{978C1AA7-4B4F-4ACE-BE21-CE6212C01202}.Debug|Any CPU.ActiveCfg = Debug|Any CPU
		{978C1AA7-4B4F-4ACE-BE21-CE6212C01202}.Debug|Any CPU.Build.0 = Debug|Any CPU
		{978C1AA7-4B4F-4ACE-BE21-CE6212C01202}.Release|Any CPU.ActiveCfg = Release|Any CPU
		{978C1AA7-4B4F-4ACE-BE21-CE6212C01202}.Release|Any CPU.Build.0 = Release|Any CPU
	EndGlobalSection
	GlobalSection(SolutionProperties) = preSolution
		HideSolutionNode = FALSE
	EndGlobalSection
	GlobalSection(ExtensibilityGlobals) = postSolution
		SolutionGuid = {B4634821-099E-41E8-90A6-BB0407EEA5A7}
	EndGlobalSection
EndGlobal
